<?xml version="1.0" encoding="utf-8"?>
<Project ToolsVersion="4.0" xmlns="http://schemas.microsoft.com/developer/msbuild/2003">
  <ItemGroup>
    <Filter Include="源文件">
      <UniqueIdentifier>{4FC737F1-C7A5-4376-A066-2A32D752A2FF}</UniqueIdentifier>
      <Extensions>cpp;c;cc;cxx;def;odl;idl;hpj;bat;asm;asmx</Extensions>
    </Filter>
    <Filter Include="头文件">
      <UniqueIdentifier>{93995380-89BD-4b04-88EB-625FBE52EBFB}</UniqueIdentifier>
      <Extensions>h;hh;hpp;hxx;hm;inl;inc;xsd</Extensions>
    </Filter>
    <Filter Include="资源文件">
      <UniqueIdentifier>{67DA6AB6-F800-4c08-8B7A-83BB121AAD01}</UniqueIdentifier>
      <Extensions>rc;ico;cur;bmp;dlg;rc2;rct;bin;rgs;gif;jpg;jpeg;jpe;resx;tiff;tif;png;wav;mfcribbon-ms</Extensions>
    </Filter>
  </ItemGroup>
  <ItemGroup>
    <ClInclude Include="..\source\mp4.h">
      <Filter>头文件</Filter>
    </ClInclude>
    <ClInclude Include="..\source\mp4file.h">
      <Filter>头文件</Filter>
    </ClInclude>
    <ClInclude Include="..\source\analysis.h">
      <Filter>头文件</Filter>
    </ClInclude>
    <ClInclude Include="..\source\box.h">
      <Filter>头文件</Filter>
    </ClInclude>
    <ClInclude Include="..\source\ftyp.h">
      <Filter>头文件</Filter>
    </ClInclude>
    <ClInclude Include="..\source\moov.h">
      <Filter>头文件</Filter>
    </ClInclude>
    <ClInclude Include="..\source\mvhd.h">
      <Filter>头文件</Filter>
    </ClInclude>
    <ClInclude Include="..\source\common.h">
      <Filter>头文件</Filter>
    </ClInclude>
    <ClInclude Include="..\source\trak.h">
      <Filter>头文件</Filter>
    </ClInclude>
    <ClInclude Include="..\source\trhd.h">
      <Filter>头文件</Filter>
    </ClInclude>
    <ClInclude Include="..\source\edts.h">
      <Filter>头文件</Filter>
    </ClInclude>
    <ClInclude Include="..\source\elst.h">
      <Filter>头文件</Filter>
    </ClInclude>
    <ClInclude Include="..\source\mdia.h">
      <Filter>头文件</Filter>
    </ClInclude>
    <ClInclude Include="..\source\mdhd.h">
      <Filter>头文件</Filter>
    </ClInclude>
    <ClInclude Include="..\source\hdlr.h">
      <Filter>头文件</Filter>
    </ClInclude>
    <ClInclude Include="..\source\minf.h">
      <Filter>头文件</Filter>
    </ClInclude>
    <ClInclude Include="..\source\vmhd.h">
      <Filter>头文件</Filter>
    </ClInclude>
    <ClInclude Include="..\source\wide.h">
      <Filter>头文件</Filter>
    </ClInclude>
    <ClInclude Include="..\source\smhd.h">
      <Filter>头文件</Filter>
    </ClInclude>
    <ClInclude Include="..\source\dinf.h">
      <Filter>头文件</Filter>
    </ClInclude>
    <ClInclude Include="..\source\dref.h">
      <Filter>头文件</Filter>
    </ClInclude>
    <ClInclude Include="..\source\url.h">
      <Filter>头文件</Filter>
    </ClInclude>
    <ClInclude Include="..\source\stbl.h">
      <Filter>头文件</Filter>
    </ClInclude>
    <ClInclude Include="..\source\stsd.h">
      <Filter>头文件</Filter>
    </ClInclude>
    <ClInclude Include="..\source\avcc.h">
      <Filter>头文件</Filter>
    </ClInclude>
    <ClInclude Include="..\source\H264_util.h">
      <Filter>头文件</Filter>
    </ClInclude>
  </ItemGroup>
  <ItemGroup>
    <ClCompile Include="..\source\mp4.cpp">
      <Filter>源文件</Filter>
    </ClCompile>
    <ClCompile Include="..\source\param.cpp">
      <Filter>源文件</Filter>
    </ClCompile>
    <ClCompile Include="..\source\mp4file.cpp">
      <Filter>源文件</Filter>
    </ClCompile>
    <ClCompile Include="..\source\analysis.cpp">
      <Filter>源文件</Filter>
    </ClCompile>
    <ClCompile Include="..\source\box.cpp">
      <Filter>源文件</Filter>
    </ClCompile>
    <ClCompile Include="..\source\ftyp.cpp">
      <Filter>源文件</Filter>
    </ClCompile>
    <ClCompile Include="..\source\moov.cpp">
      <Filter>源文件</Filter>
    </ClCompile>
    <ClCompile Include="..\source\mvhd.cpp">
      <Filter>源文件</Filter>
    </ClCompile>
    <ClCompile Include="..\source\common.cpp">
      <Filter>源文件</Filter>
    </ClCompile>
    <ClCompile Include="..\source\trak.cpp">
      <Filter>源文件</Filter>
    </ClCompile>
    <ClCompile Include="..\source\trhd.cpp">
      <Filter>源文件</Filter>
    </ClCompile>
    <ClCompile Include="..\source\edts.cpp">
      <Filter>源文件</Filter>
    </ClCompile>
    <ClCompile Include="..\source\elst.cpp">
      <Filter>源文件</Filter>
    </ClCompile>
    <ClCompile Include="..\source\mdia.cpp">
      <Filter>源文件</Filter>
    </ClCompile>
    <ClCompile Include="..\source\mdhd.cpp">
      <Filter>源文件</Filter>
    </ClCompile>
    <ClCompile Include="..\source\hdlr.cpp">
      <Filter>源文件</Filter>
    </ClCompile>
    <ClCompile Include="..\source\minf.cpp">
      <Filter>源文件</Filter>
    </ClCompile>
    <ClCompile Include="..\source\vmhd.cpp">
      <Filter>源文件</Filter>
    </ClCompile>
    <ClCompile Include="..\source\wide.cpp">
      <Filter>源文件</Filter>
    </ClCompile>
    <ClCompile Include="..\source\smhd.cpp">
      <Filter>源文件</Filter>
    </ClCompile>
    <ClCompile Include="..\source\dinf.cpp">
      <Filter>源文件</Filter>
    </ClCompile>
    <ClCompile Include="..\source\dref.cpp">
      <Filter>源文件</Filter>
    </ClCompile>
    <ClCompile Include="..\source\url.cpp">
      <Filter>源文件</Filter>
    </ClCompile>
    <ClCompile Include="..\source\stbl.cpp">
      <Filter>源文件</Filter>
    </ClCompile>
    <ClCompile Include="..\source\stsd.cpp">
      <Filter>源文件</Filter>
    </ClCompile>
    <ClCompile Include="..\source\avcc.cpp">
      <Filter>源文件</Filter>
    </ClCompile>
    <ClCompile Include="..\source\H264_util.cc">
      <Filter>源文件</Filter>
    </ClCompile>
  </ItemGroup>
</Project>